
Microsoft Visual Studio Solution File, Format Version 12.00
# Visual Studio Version 16
VisualStudioVersion = 16.0.31515.178
MinimumVisualStudioVersion = 10.0.40219.1
Project("{FAE04EC0-301F-11D3-BF4B-00C04F79EFBC}") = "MessengerBotManager", "MessengerBotManager\MessengerBotManager.csproj", "{ACF190A7-EA58-4B71-ABEA-896AC26DE46F}"
EndProject
Global
	GlobalSection(SolutionConfigurationPlatforms) = preSolution
		Debug|Any CPU = Debug|Any CPU
		Release|Any CPU = Release|Any CPU
	EndGlobalSection
	GlobalSection(ProjectConfigurationPlatforms) = postSolution
		{ACF190A7-EA58-4B71-ABEA-896AC26DE46F}.Debug|Any CPU.ActiveCfg = Debug|Any CPU
		{ACF190A7-EA58-4B71-ABEA-896AC26DE46F}.Debug|Any CPU.Build.0 = Debug|Any CPU
		{ACF190A7-EA58-4B71-ABEA-896AC26DE46F}.Release|Any CPU.ActiveCfg = Release|Any CPU
		{ACF190A7-EA58-4B71-ABEA-896AC26DE46F}.Release|Any CPU.Build.0 = Release|Any CPU
	EndGlobalSection
	GlobalSection(SolutionProperties) = preSolution
		HideSolutionNode = FALSE
	EndGlobalSection
	GlobalSection(ExtensibilityGlobals) = postSolution
		SolutionGuid = {AD7433C1-9D6E-43D6-BB48-D30D6DDB1AB7}
	EndGlobalSection
EndGlobal
